
Microsoft Visual Studio Solution File, Format Version 12.00
# Visual Studio Version 17
VisualStudioVersion = 17.3.32929.385
MinimumVisualStudioVersion = 10.0.40219.1
Project("{FAE04EC0-301F-11D3-BF4B-00C04F79EFBC}") = "задачки", "задачки\задачки.csproj", "{92CD0DF3-0672-403D-8ADC-367B8BC34908}"
EndProject
Global
	GlobalSection(SolutionConfigurationPlatforms) = preSolution
		Debug|Any CPU = Debug|Any CPU
		Release|Any CPU = Release|Any CPU
	EndGlobalSection
	GlobalSection(ProjectConfigurationPlatforms) = postSolution
		{92CD0DF3-0672-403D-8ADC-367B8BC34908}.Debug|Any CPU.ActiveCfg = Debug|Any CPU
		{92CD0DF3-0672-403D-8ADC-367B8BC34908}.Debug|Any CPU.Build.0 = Debug|Any CPU
		{92CD0DF3-0672-403D-8ADC-367B8BC34908}.Release|Any CPU.ActiveCfg = Release|Any CPU
		{92CD0DF3-0672-403D-8ADC-367B8BC34908}.Release|Any CPU.Build.0 = Release|Any CPU
	EndGlobalSection
	GlobalSection(SolutionProperties) = preSolution
		HideSolutionNode = FALSE
	EndGlobalSection
	GlobalSection(ExtensibilityGlobals) = postSolution
		SolutionGuid = {414559E6-CC16-4180-BCA8-876DC8E5C414}
	EndGlobalSection
EndGlobal
